
Microsoft Visual Studio Solution File, Format Version 11.00
# Visual Studio 2010
Project("{FAE04EC0-301F-11D3-BF4B-00C04F79EFBC}") = "SchedulerDotNet", "SchedulerDotNet\SchedulerDotNet.csproj", "{BE7489DB-4F5C-44FF-883D-0DE85DC1FE31}"
EndProject
Global
	GlobalSection(SolutionConfigurationPlatforms) = preSolution
		Debug|Any CPU = Debug|Any CPU
		Release|Any CPU = Release|Any CPU
	EndGlobalSection
	GlobalSection(ProjectConfigurationPlatforms) = postSolution
		{BE7489DB-4F5C-44FF-883D-0DE85DC1FE31}.Debug|Any CPU.ActiveCfg = Debug|Any CPU
		{BE7489DB-4F5C-44FF-883D-0DE85DC1FE31}.Debug|Any CPU.Build.0 = Debug|Any CPU
		{BE7489DB-4F5C-44FF-883D-0DE85DC1FE31}.Release|Any CPU.ActiveCfg = Release|Any CPU
		{BE7489DB-4F5C-44FF-883D-0DE85DC1FE31}.Release|Any CPU.Build.0 = Release|Any CPU
	EndGlobalSection
	GlobalSection(SolutionProperties) = preSolution
		HideSolutionNode = FALSE
	EndGlobalSection
EndGlobal
